
Microsoft Visual Studio Solution File, Format Version 12.00
Project("{FAE04EC0-301F-11D3-BF4B-00C04F79EFBC}") = "Gui", "Gui\Gui\Gui.csproj", "{5A5BECFA-ABE2-4EA2-AD37-7472D8E00439}"
EndProject
Project("{FAE04EC0-301F-11D3-BF4B-00C04F79EFBC}") = "Gui.Android", "Gui\Gui.Android\Gui.Android.csproj", "{0E1A4D04-1125-4A9A-A1C0-732CA0A7A825}"
EndProject
Project("{FAE04EC0-301F-11D3-BF4B-00C04F79EFBC}") = "Gui.Desktop", "Gui\Gui.Desktop\Gui.Desktop.csproj", "{683E1C79-AAF1-4C1D-BCEC-B9D52156A444}"
EndProject
Project("{FAE04EC0-301F-11D3-BF4B-00C04F79EFBC}") = "Gui.iOS", "Gui\Gui.iOS\Gui.iOS.csproj", "{6903BD10-B019-4DB6-A53E-B4089EC117AF}"
EndProject
Project("{FAE04EC0-301F-11D3-BF4B-00C04F79EFBC}") = "Gui.Web", "Gui\Gui.Web\Gui.Web.csproj", "{C0884EB7-D08C-42E0-957F-4EA6CDA5E3F8}"
EndProject
Global
	GlobalSection(SolutionConfigurationPlatforms) = preSolution
		Debug|Any CPU = Debug|Any CPU
		Release|Any CPU = Release|Any CPU
	EndGlobalSection
	GlobalSection(ProjectConfigurationPlatforms) = postSolution
		{5A5BECFA-ABE2-4EA2-AD37-7472D8E00439}.Debug|Any CPU.ActiveCfg = Debug|Any CPU
		{5A5BECFA-ABE2-4EA2-AD37-7472D8E00439}.Debug|Any CPU.Build.0 = Debug|Any CPU
		{5A5BECFA-ABE2-4EA2-AD37-7472D8E00439}.Release|Any CPU.ActiveCfg = Release|Any CPU
		{5A5BECFA-ABE2-4EA2-AD37-7472D8E00439}.Release|Any CPU.Build.0 = Release|Any CPU
		{0E1A4D04-1125-4A9A-A1C0-732CA0A7A825}.Debug|Any CPU.ActiveCfg = Debug|Any CPU
		{0E1A4D04-1125-4A9A-A1C0-732CA0A7A825}.Debug|Any CPU.Build.0 = Debug|Any CPU
		{0E1A4D04-1125-4A9A-A1C0-732CA0A7A825}.Debug|Any CPU.Deploy.0 = Debug|Any CPU
		{0E1A4D04-1125-4A9A-A1C0-732CA0A7A825}.Release|Any CPU.ActiveCfg = Release|Any CPU
		{0E1A4D04-1125-4A9A-A1C0-732CA0A7A825}.Release|Any CPU.Build.0 = Release|Any CPU
		{0E1A4D04-1125-4A9A-A1C0-732CA0A7A825}.Release|Any CPU.Deploy.0 = Release|Any CPU
		{683E1C79-AAF1-4C1D-BCEC-B9D52156A444}.Debug|Any CPU.ActiveCfg = Debug|Any CPU
		{683E1C79-AAF1-4C1D-BCEC-B9D52156A444}.Debug|Any CPU.Build.0 = Debug|Any CPU
		{683E1C79-AAF1-4C1D-BCEC-B9D52156A444}.Release|Any CPU.ActiveCfg = Release|Any CPU
		{683E1C79-AAF1-4C1D-BCEC-B9D52156A444}.Release|Any CPU.Build.0 = Release|Any CPU
		{6903BD10-B019-4DB6-A53E-B4089EC117AF}.Debug|Any CPU.ActiveCfg = Debug|Any CPU
		{6903BD10-B019-4DB6-A53E-B4089EC117AF}.Debug|Any CPU.Build.0 = Debug|Any CPU
		{6903BD10-B019-4DB6-A53E-B4089EC117AF}.Debug|Any CPU.Deploy.0 = Debug|Any CPU
		{6903BD10-B019-4DB6-A53E-B4089EC117AF}.Release|Any CPU.ActiveCfg = Release|Any CPU
		{6903BD10-B019-4DB6-A53E-B4089EC117AF}.Release|Any CPU.Build.0 = Release|Any CPU
		{6903BD10-B019-4DB6-A53E-B4089EC117AF}.Release|Any CPU.Deploy.0 = Release|Any CPU
		{C0884EB7-D08C-42E0-957F-4EA6CDA5E3F8}.Debug|Any CPU.ActiveCfg = Debug|Any CPU
		{C0884EB7-D08C-42E0-957F-4EA6CDA5E3F8}.Debug|Any CPU.Build.0 = Debug|Any CPU
		{C0884EB7-D08C-42E0-957F-4EA6CDA5E3F8}.Release|Any CPU.ActiveCfg = Release|Any CPU
		{C0884EB7-D08C-42E0-957F-4EA6CDA5E3F8}.Release|Any CPU.Build.0 = Release|Any CPU
	EndGlobalSection
EndGlobal
